
Microsoft Visual Studio Solution File, Format Version 12.00
Project("{FAE04EC0-301F-11D3-BF4B-00C04F79EFBC}") = "Zermos-Web", "Zermos-Web\Zermos-Web.csproj", "{FB7B78FD-D5EE-4DCA-A192-4FE9174ADF52}"
EndProject
Project("{FAE04EC0-301F-11D3-BF4B-00C04F79EFBC}") = "Infrastructure", "Infrastructure\Infrastructure.csproj", "{EF9282D1-32C2-4604-B103-EC93BD8E3DFA}"
EndProject
Global
	GlobalSection(SolutionConfigurationPlatforms) = preSolution
		Debug|Any CPU = Debug|Any CPU
		Release|Any CPU = Release|Any CPU
	EndGlobalSection
	GlobalSection(ProjectConfigurationPlatforms) = postSolution
		{FB7B78FD-D5EE-4DCA-A192-4FE9174ADF52}.Debug|Any CPU.ActiveCfg = Debug|Any CPU
		{FB7B78FD-D5EE-4DCA-A192-4FE9174ADF52}.Debug|Any CPU.Build.0 = Debug|Any CPU
		{FB7B78FD-D5EE-4DCA-A192-4FE9174ADF52}.Release|Any CPU.ActiveCfg = Release|Any CPU
		{FB7B78FD-D5EE-4DCA-A192-4FE9174ADF52}.Release|Any CPU.Build.0 = Release|Any CPU
		{EF9282D1-32C2-4604-B103-EC93BD8E3DFA}.Debug|Any CPU.ActiveCfg = Debug|Any CPU
		{EF9282D1-32C2-4604-B103-EC93BD8E3DFA}.Debug|Any CPU.Build.0 = Debug|Any CPU
		{EF9282D1-32C2-4604-B103-EC93BD8E3DFA}.Release|Any CPU.ActiveCfg = Release|Any CPU
		{EF9282D1-32C2-4604-B103-EC93BD8E3DFA}.Release|Any CPU.Build.0 = Release|Any CPU
	EndGlobalSection
EndGlobal
